{
  "originHash" : "e541794e4c1d6067e84640d47eee9266b8a8b887699f439ac836c3bed05af6d1",
  "pins" : [
    {
      "identity" : "graphql",
      "kind" : "remoteSourceControl",
      "location" : "https://github.com/GraphQLSwift/GraphQL.git",
      "state" : {
        "revision" : "6e483aec1a8f86f7fee95b1f72e678bdf0e537a4",
        "version" : "4.0.3"
      }
    },
    {
      "identity" : "swift-collections",
      "kind" : "remoteSourceControl",
      "location" : "https://github.com/apple/swift-collections",
      "state" : {
        "revision" : "7b847a3b7008b2dc2f47ca3110d8c782fb2e5c7e",
        "version" : "1.3.0"
      }
    }
  ],
  "version" : 3
}
